
Microsoft Visual Studio Solution File, Format Version 12.00
# Visual Studio Version 17
VisualStudioVersion = 17.3.32804.467
MinimumVisualStudioVersion = 10.0.40219.1
Project("{FAE04EC0-301F-11D3-BF4B-00C04F79EFBC}") = "MVCCountries", "MVCCountries\MVCCountries.csproj", "{13EA972B-C35C-48F9-9E81-176171B6569D}"
EndProject
Global
	GlobalSection(SolutionConfigurationPlatforms) = preSolution
		Debug|Any CPU = Debug|Any CPU
		Release|Any CPU = Release|Any CPU
	EndGlobalSection
	GlobalSection(ProjectConfigurationPlatforms) = postSolution
		{13EA972B-C35C-48F9-9E81-176171B6569D}.Debug|Any CPU.ActiveCfg = Debug|Any CPU
		{13EA972B-C35C-48F9-9E81-176171B6569D}.Debug|Any CPU.Build.0 = Debug|Any CPU
		{13EA972B-C35C-48F9-9E81-176171B6569D}.Release|Any CPU.ActiveCfg = Release|Any CPU
		{13EA972B-C35C-48F9-9E81-176171B6569D}.Release|Any CPU.Build.0 = Release|Any CPU
	EndGlobalSection
	GlobalSection(SolutionProperties) = preSolution
		HideSolutionNode = FALSE
	EndGlobalSection
	GlobalSection(ExtensibilityGlobals) = postSolution
		SolutionGuid = {277B2724-D6EA-4490-B810-9FDDD0B1D243}
	EndGlobalSection
EndGlobal
